Microsoft Visual Studio Solution File, Format Version 11.00
# Visual Studio 2008

Project("{5935693E-5028-1714-0BC9-97C3C6C98604}") = "MERUNITY", "Assembly-CSharp-firstpass.csproj", "{BFEC3A36-B94D-1B21-B9D4-21EA51939174}"
EndProject
Project("{5935693E-5028-1714-0BC9-97C3C6C98604}") = "MERUNITY", "Assembly-CSharp.csproj", "{B546CA4D-1D16-699C-4163-75F0F1D81F16}"
EndProject
Project("{5935693E-5028-1714-0BC9-97C3C6C98604}") = "MERUNITY", "Assembly-UnityScript-firstpass.unityproj", "{21B46EF2-3DB7-FBAF-82A0-4ADB28A18795}"
EndProject
Project("{5935693E-5028-1714-0BC9-97C3C6C98604}") = "MERUNITY", "Assembly-UnityScript.unityproj", "{71CA25D4-C766-96DB-D74C-D89574804908}"
EndProject
Global
	GlobalSection(SolutionConfigurationPlatforms) = preSolution
		Debug|Any CPU = Debug|Any CPU
		Release|Any CPU = Release|Any CPU
	EndGlobalSection
	GlobalSection(ProjectConfigurationPlatforms) = postSolution
		{BFEC3A36-B94D-1B21-B9D4-21EA51939174}.Debug|Any CPU.ActiveCfg = Debug|Any CPU
		{BFEC3A36-B94D-1B21-B9D4-21EA51939174}.Debug|Any CPU.Build.0 = Debug|Any CPU
		{BFEC3A36-B94D-1B21-B9D4-21EA51939174}.Release|Any CPU.ActiveCfg = Release|Any CPU
		{BFEC3A36-B94D-1B21-B9D4-21EA51939174}.Release|Any CPU.Build.0 = Release|Any CPU
		{B546CA4D-1D16-699C-4163-75F0F1D81F16}.Debug|Any CPU.ActiveCfg = Debug|Any CPU
		{B546CA4D-1D16-699C-4163-75F0F1D81F16}.Debug|Any CPU.Build.0 = Debug|Any CPU
		{B546CA4D-1D16-699C-4163-75F0F1D81F16}.Release|Any CPU.ActiveCfg = Release|Any CPU
		{B546CA4D-1D16-699C-4163-75F0F1D81F16}.Release|Any CPU.Build.0 = Release|Any CPU
		{21B46EF2-3DB7-FBAF-82A0-4ADB28A18795}.Debug|Any CPU.ActiveCfg = Debug|Any CPU
		{21B46EF2-3DB7-FBAF-82A0-4ADB28A18795}.Debug|Any CPU.Build.0 = Debug|Any CPU
		{21B46EF2-3DB7-FBAF-82A0-4ADB28A18795}.Release|Any CPU.ActiveCfg = Release|Any CPU
		{21B46EF2-3DB7-FBAF-82A0-4ADB28A18795}.Release|Any CPU.Build.0 = Release|Any CPU
		{71CA25D4-C766-96DB-D74C-D89574804908}.Debug|Any CPU.ActiveCfg = Debug|Any CPU
		{71CA25D4-C766-96DB-D74C-D89574804908}.Debug|Any CPU.Build.0 = Debug|Any CPU
		{71CA25D4-C766-96DB-D74C-D89574804908}.Release|Any CPU.ActiveCfg = Release|Any CPU
		{71CA25D4-C766-96DB-D74C-D89574804908}.Release|Any CPU.Build.0 = Release|Any CPU
	EndGlobalSection
	GlobalSection(SolutionProperties) = preSolution
		HideSolutionNode = FALSE
	EndGlobalSection
																																																																												GlobalSection(MonoDevelopProperties) = preSolution
		StartupItem = Assembly-CSharp.csproj
		Policies = $0
		$0.TextStylePolicy = $1
		$1.inheritsSet = null
		$1.scope = text/x-csharp
		$0.CSharpFormattingPolicy = $2
		$2.inheritsSet = Mono
		$2.inheritsScope = text/x-csharp
		$2.scope = text/x-csharp
		$0.TextStylePolicy = $3
		$3.FileWidth = 120
		$3.TabWidth = 4
		$3.EolMarker = Unix
		$3.inheritsSet = Mono
		$3.inheritsScope = text/plain
		$3.scope = text/plain
	EndGlobalSection

EndGlobal
